// !$*UTF8*$!
{
	archiveVersion = 1;
	classes = {
	};
	objectVersion = 55;
	objects = {

/* Begin PBXBuildFile section */
		79413A0986CE6E6CFA60AB4A /* Pods_ToDoList.framework in Frameworks */ = {isa = PBXBuildFile; fileRef = AB3D0164C765E78EAB5E9B40 /* Pods_ToDoList.framework */; };
		A94DB31F2934B1D700961694 /* Item.swift in Sources */ = {isa = PBXBuildFile; fileRef = A94DB31E2934B1D700961694 /* Item.swift */; };
		A94DB3212934B1E200961694 /* Category.swift in Sources */ = {isa = PBXBuildFile; fileRef = A94DB3202934B1E200961694 /* Category.swift */; };
		A97ACC58293777CA00BEC3D2 /* SwipeTableVC.swift in Sources */ = {isa = PBXBuildFile; fileRef = A97ACC57293777CA00BEC3D2 /* SwipeTableVC.swift */; };
		A9AAE37628F845E4006A8BE4 /* AppDelegate.swift in Sources */ = {isa = PBXBuildFile; fileRef = A9AAE37528F845E4006A8BE4 /* AppDelegate.swift */; };
		A9AAE37828F845E4006A8BE4 /* SceneDelegate.swift in Sources */ = {isa = PBXBuildFile; fileRef = A9AAE37728F845E4006A8BE4 /* SceneDelegate.swift */; };
		A9AAE37A28F845E4006A8BE4 /* ToDoListVC.swift in Sources */ = {isa = PBXBuildFile; fileRef = A9AAE37928F845E4006A8BE4 /* ToDoListVC.swift */; };
		A9AAE37D28F845E4006A8BE4 /* Main.storyboard in Resources */ = {isa = PBXBuildFile; fileRef = A9AAE37B28F845E4006A8BE4 /* Main.storyboard */; };
		A9AAE37F28F845E5006A8BE4 /* Assets.xcassets in Resources */ = {isa = PBXBuildFile; fileRef = A9AAE37E28F845E5006A8BE4 /* Assets.xcassets */; };
		A9AAE38228F845E5006A8BE4 /* LaunchScreen.storyboard in Resources */ = {isa = PBXBuildFile; fileRef = A9AAE38028F845E5006A8BE4 /* LaunchScreen.storyboard */; };
		A9BE73B9290C65F0001E3D6D /* CategoryVC.swift in Sources */ = {isa = PBXBuildFile; fileRef = A9BE73B8290C65F0001E3D6D /* CategoryVC.swift */; };
		A9D0999C293A4B6E001B323C /* gitignore.swift in Sources */ = {isa = PBXBuildFile; fileRef = A9D0999B293A4B6E001B323C /* gitignore.swift */; };
		A9D0999E293A4BB7001B323C /* upload.swift in Sources */ = {isa = PBXBuildFile; fileRef = A9D0999D293A4BB7001B323C /* upload.swift */; };
/* End PBXBuildFile section */

/* Begin PBXFileReference section */
		3A5E55D1E6085C96CB82AE99 /* Pods-ToDoList.debug.xcconfig */ = {isa = PBXFileReference; includeInIndex = 1; lastKnownFileType = text.xcconfig; name = "Pods-ToDoList.debug.xcconfig"; path = "Target Support Files/Pods-ToDoList/Pods-ToDoList.debug.xcconfig"; sourceTree = "<group>"; };
		A94DB31E2934B1D700961694 /* Item.swift */ = {isa = PBXFileReference; lastKnownFileType = sourcecode.swift; path = Item.swift; sourceTree = "<group>"; };
		A94DB3202934B1E200961694 /* Category.swift */ = {isa = PBXFileReference; lastKnownFileType = sourcecode.swift; path = Category.swift; sourceTree = "<group>"; };
		A97ACC57293777CA00BEC3D2 /* SwipeTableVC.swift */ = {isa = PBXFileReference; lastKnownFileType = sourcecode.swift; path = SwipeTableVC.swift; sourceTree = "<group>"; };
		A9AAE37228F845E4006A8BE4 /* ToDoList.app */ = {isa = PBXFileReference; explicitFileType = wrapper.application; includeInIndex = 0; path = ToDoList.app; sourceTree = BUILT_PRODUCTS_DIR; };
		A9AAE37528F845E4006A8BE4 /* AppDelegate.swift */ = {isa = PBXFileReference; lastKnownFileType = sourcecode.swift; path = AppDelegate.swift; sourceTree = "<group>"; };
		A9AAE37728F845E4006A8BE4 /* SceneDelegate.swift */ = {isa = PBXFileReference; lastKnownFileType = sourcecode.swift; path = SceneDelegate.swift; sourceTree = "<group>"; };
		A9AAE37928F845E4006A8BE4 /* ToDoListVC.swift */ = {isa = PBXFileReference; lastKnownFileType = sourcecode.swift; path = ToDoListVC.swift; sourceTree = "<group>"; };
		A9AAE37C28F845E4006A8BE4 /* Base */ = {isa = PBXFileReference; lastKnownFileType = file.storyboard; name = Base; path = Base.lproj/Main.storyboard; sourceTree = "<group>"; };
		A9AAE37E28F845E5006A8BE4 /* Assets.xcassets */ = {isa = PBXFileReference; lastKnownFileType = folder.assetcatalog; path = Assets.xcassets; sourceTree = "<group>"; };
		A9AAE38128F845E5006A8BE4 /* Base */ = {isa = PBXFileReference; lastKnownFileType = file.storyboard; name = Base; path = Base.lproj/LaunchScreen.storyboard; sourceTree = "<group>"; };
		A9AAE38328F845E5006A8BE4 /* Info.plist */ = {isa = PBXFileReference; lastKnownFileType = text.plist.xml; path = Info.plist; sourceTree = "<group>"; };
		A9BE73B8290C65F0001E3D6D /* CategoryVC.swift */ = {isa = PBXFileReference; lastKnownFileType = sourcecode.swift; path = CategoryVC.swift; sourceTree = "<group>"; };
		A9D0999B293A4B6E001B323C /* gitignore.swift */ = {isa = PBXFileReference; lastKnownFileType = sourcecode.swift; path = gitignore.swift; sourceTree = "<group>"; };
		A9D0999D293A4BB7001B323C /* upload.swift */ = {isa = PBXFileReference; lastKnownFileType = sourcecode.swift; path = upload.swift; sourceTree = "<group>"; };
		AB3D0164C765E78EAB5E9B40 /* Pods_ToDoList.framework */ = {isa = PBXFileReference; explicitFileType = wrapper.framework; includeInIndex = 0; path = Pods_ToDoList.framework; sourceTree = BUILT_PRODUCTS_DIR; };
		C9BD8111A4E136196F210B11 /* Pods-ToDoList.release.xcconfig */ = {isa = PBXFileReference; includeInIndex = 1; lastKnownFileType = text.xcconfig; name = "Pods-ToDoList.release.xcconfig"; path = "Target Support Files/Pods-ToDoList/Pods-ToDoList.release.xcconfig"; sourceTree = "<group>"; };
/* End PBXFileReference section */

/* Begin PBXFrameworksBuildPhase section */
		A9AAE36F28F845E4006A8BE4 /* Frameworks */ = {
			isa = PBXFrameworksBuildPhase;
			buildActionMask = 2147483647;
			files = (
				79413A0986CE6E6CFA60AB4A /* Pods_ToDoList.framework in Frameworks */,
			);
			runOnlyForDeploymentPostprocessing = 0;
		};
/* End PBXFrameworksBuildPhase section */

/* Begin PBXGroup section */
		358EE256E7C3F7529C50F882 /* Pods */ = {
			isa = PBXGroup;
			children = (
				3A5E55D1E6085C96CB82AE99 /* Pods-ToDoList.debug.xcconfig */,
				C9BD8111A4E136196F210B11 /* Pods-ToDoList.release.xcconfig */,
			);
			path = Pods;
			sourceTree = "<group>";
		};
		A58D60C25DDE4286B4899B6F /* Frameworks */ = {
			isa = PBXGroup;
			children = (
				AB3D0164C765E78EAB5E9B40 /* Pods_ToDoList.framework */,
			);
			name = Frameworks;
			sourceTree = "<group>";
		};
		A9184DE82902A76600FDB719 /* Data Model */ = {
			isa = PBXGroup;
			children = (
				A94DB3202934B1E200961694 /* Category.swift */,
				A94DB31E2934B1D700961694 /* Item.swift */,
			);
			path = "Data Model";
			sourceTree = "<group>";
		};
		A9184DE92902A77700FDB719 /* Controllers */ = {
			isa = PBXGroup;
			children = (
				A9BE73B8290C65F0001E3D6D /* CategoryVC.swift */,
				A9AAE37928F845E4006A8BE4 /* ToDoListVC.swift */,
				A97ACC57293777CA00BEC3D2 /* SwipeTableVC.swift */,
			);
			path = Controllers;
			sourceTree = "<group>";
		};
		A9184DEA2902A78100FDB719 /* Views */ = {
			isa = PBXGroup;
			children = (
				A9AAE37B28F845E4006A8BE4 /* Main.storyboard */,
			);
			path = Views;
			sourceTree = "<group>";
		};
		A9184DEB2902A7A000FDB719 /* Supportings Files */ = {
			isa = PBXGroup;
			children = (
				A9AAE37E28F845E5006A8BE4 /* Assets.xcassets */,
				A9AAE38028F845E5006A8BE4 /* LaunchScreen.storyboard */,
			);
			path = "Supportings Files";
			sourceTree = "<group>";
		};
		A9AAE36928F845E4006A8BE4 = {
			isa = PBXGroup;
			children = (
				A9D0999A293A4AED001B323C /* New Group2 */,
				A9D09999293A4AD1001B323C /* New Group */,
				A9AAE37428F845E4006A8BE4 /* ToDoList */,
				A9AAE37328F845E4006A8BE4 /* Products */,
				358EE256E7C3F7529C50F882 /* Pods */,
				A58D60C25DDE4286B4899B6F /* Frameworks */,
			);
			sourceTree = "<group>";
		};
		A9AAE37328F845E4006A8BE4 /* Products */ = {
			isa = PBXGroup;
			children = (
				A9AAE37228F845E4006A8BE4 /* ToDoList.app */,
			);
			name = Products;
			sourceTree = "<group>";
		};
		A9AAE37428F845E4006A8BE4 /* ToDoList */ = {
			isa = PBXGroup;
			children = (
				A9AAE37528F845E4006A8BE4 /* AppDelegate.swift */,
				A9D0999B293A4B6E001B323C /* gitignore.swift */,
				A9D0999D293A4BB7001B323C /* upload.swift */,
				A9AAE37728F845E4006A8BE4 /* SceneDelegate.swift */,
				A9184DE92902A77700FDB719 /* Controllers */,
				A9184DEA2902A78100FDB719 /* Views */,
				A9184DE82902A76600FDB719 /* Data Model */,
				A9184DEB2902A7A000FDB719 /* Supportings Files */,
				A9AAE38328F845E5006A8BE4 /* Info.plist */,
			);
			path = ToDoList;
			sourceTree = "<group>";
		};
		A9D09999293A4AD1001B323C /* New Group */ = {
			isa = PBXGroup;
			children = (
			);
			path = "New Group";
			sourceTree = "<group>";
		};
		A9D0999A293A4AED001B323C /* New Group2 */ = {
			isa = PBXGroup;
			children = (
			);
			path = "New Group2";
			sourceTree = "<group>";
		};
/* End PBXGroup section */

/* Begin PBXNativeTarget section */
		A9AAE37128F845E4006A8BE4 /* ToDoList */ = {
			isa = PBXNativeTarget;
			buildConfigurationList = A9AAE38628F845E5006A8BE4 /* Build configuration list for PBXNativeTarget "ToDoList" */;
			buildPhases = (
				FD1B0663119AC832F00A72E9 /* [CP] Check Pods Manifest.lock */,
				A9AAE36E28F845E4006A8BE4 /* Sources */,
				A9AAE36F28F845E4006A8BE4 /* Frameworks */,
				A9AAE37028F845E4006A8BE4 /* Resources */,
				B509447FCE76061195656014 /* [CP] Embed Pods Frameworks */,
			);
			buildRules = (
			);
			dependencies = (
			);
			name = ToDoList;
			productName = ToDoList;
			productReference = A9AAE37228F845E4006A8BE4 /* ToDoList.app */;
			productType = "com.apple.product-type.application";
		};
/* End PBXNativeTarget section */

/* Begin PBXProject section */
		A9AAE36A28F845E4006A8BE4 /* Project object */ = {
			isa = PBXProject;
			attributes = {
				BuildIndependentTargetsInParallel = 1;
				LastSwiftUpdateCheck = 1400;
				LastUpgradeCheck = 1400;
				TargetAttributes = {
					A9AAE37128F845E4006A8BE4 = {
						CreatedOnToolsVersion = 14.0.1;
					};
				};
			};
			buildConfigurationList = A9AAE36D28F845E4006A8BE4 /* Build configuration list for PBXProject "ToDoList" */;
			compatibilityVersion = "Xcode 13.0";
			developmentRegion = en;
			hasScannedForEncodings = 0;
			knownRegions = (
				en,
				Base,
			);
			mainGroup = A9AAE36928F845E4006A8BE4;
			productRefGroup = A9AAE37328F845E4006A8BE4 /* Products */;
			projectDirPath = "";
			projectRoot = "";
			targets = (
				A9AAE37128F845E4006A8BE4 /* ToDoList */,
			);
		};
/* End PBXProject section */

/* Begin PBXResourcesBuildPhase section */
		A9AAE37028F845E4006A8BE4 /* Resources */ = {
			isa = PBXResourcesBuildPhase;
			buildActionMask = 2147483647;
			files = (
				A9AAE38228F845E5006A8BE4 /* LaunchScreen.storyboard in Resources */,
				A9AAE37F28F845E5006A8BE4 /* Assets.xcassets in Resources */,
				A9AAE37D28F845E4006A8BE4 /* Main.storyboard in Resources */,
			);
			runOnlyForDeploymentPostprocessing = 0;
		};
/* End PBXResourcesBuildPhase section */

/* Begin PBXShellScriptBuildPhase section */
		B509447FCE76061195656014 /* [CP] Embed Pods Frameworks */ = {
			isa = PBXShellScriptBuildPhase;
			buildActionMask = 2147483647;
			files = (
			);
			inputFileListPaths = (
				"${PODS_ROOT}/Target Support Files/Pods-ToDoList/Pods-ToDoList-frameworks-${CONFIGURATION}-input-files.xcfilelist",
			);
			name = "[CP] Embed Pods Frameworks";
			outputFileListPaths = (
				"${PODS_ROOT}/Target Support Files/Pods-ToDoList/Pods-ToDoList-frameworks-${CONFIGURATION}-output-files.xcfilelist",
			);
			runOnlyForDeploymentPostprocessing = 0;
			shellPath = /bin/sh;
			shellScript = "\"${PODS_ROOT}/Target Support Files/Pods-ToDoList/Pods-ToDoList-frameworks.sh\"\n";
			showEnvVarsInLog = 0;
		};
		FD1B0663119AC832F00A72E9 /* [CP] Check Pods Manifest.lock */ = {
			isa = PBXShellScriptBuildPhase;
			buildActionMask = 2147483647;
			files = (
			);
			inputFileListPaths = (
			);
			inputPaths = (
				"${PODS_PODFILE_DIR_PATH}/Podfile.lock",
				"${PODS_ROOT}/Manifest.lock",
			);
			name = "[CP] Check Pods Manifest.lock";
			outputFileListPaths = (
			);
			outputPaths = (
				"$(DERIVED_FILE_DIR)/Pods-ToDoList-checkManifestLockResult.txt",
			);
			runOnlyForDeploymentPostprocessing = 0;
			shellPath = /bin/sh;
			shellScript = "diff \"${PODS_PODFILE_DIR_PATH}/Podfile.lock\" \"${PODS_ROOT}/Manifest.lock\" > /dev/null\nif [ $? != 0 ] ; then\n    # print error to STDERR\n    echo \"error: The sandbox is not in sync with the Podfile.lock. Run 'pod install' or update your CocoaPods installation.\" >&2\n    exit 1\nfi\n# This output is used by Xcode 'outputs' to avoid re-running this script phase.\necho \"SUCCESS\" > \"${SCRIPT_OUTPUT_FILE_0}\"\n";
			showEnvVarsInLog = 0;
		};
/* End PBXShellScriptBuildPhase section */

/* Begin PBXSourcesBuildPhase section */
		A9AAE36E28F845E4006A8BE4 /* Sources */ = {
			isa = PBXSourcesBuildPhase;
			buildActionMask = 2147483647;
			files = (
				A97ACC58293777CA00BEC3D2 /* SwipeTableVC.swift in Sources */,
				A9BE73B9290C65F0001E3D6D /* CategoryVC.swift in Sources */,
				A9D0999C293A4B6E001B323C /* gitignore.swift in Sources */,
				A9AAE37A28F845E4006A8BE4 /* ToDoListVC.swift in Sources */,
				A9D0999E293A4BB7001B323C /* upload.swift in Sources */,
				A9AAE37628F845E4006A8BE4 /* AppDelegate.swift in Sources */,
				A94DB31F2934B1D700961694 /* Item.swift in Sources */,
				A9AAE37828F845E4006A8BE4 /* SceneDelegate.swift in Sources */,
				A94DB3212934B1E200961694 /* Category.swift in Sources */,
			);
			runOnlyForDeploymentPostprocessing = 0;
		};
/* End PBXSourcesBuildPhase section */

/* Begin PBXVariantGroup section */
		A9AAE37B28F845E4006A8BE4 /* Main.storyboard */ = {
			isa = PBXVariantGroup;
			children = (
				A9AAE37C28F845E4006A8BE4 /* Base */,
			);
			name = Main.storyboard;
			sourceTree = "<group>";
		};
		A9AAE38028F845E5006A8BE4 /* LaunchScreen.storyboard */ = {
			isa = PBXVariantGroup;
			children = (
				A9AAE38128F845E5006A8BE4 /* Base */,
			);
			name = LaunchScreen.storyboard;
			sourceTree = "<group>";
		};
/* End PBXVariantGroup section */

/* Begin XCBuildConfiguration section */
		A9AAE38428F845E5006A8BE4 /* Debug */ = {
			isa = XCBuildConfiguration;
			buildSettings = {
				ALWAYS_SEARCH_USER_PATHS = NO;
				CLANG_ANALYZER_NONNULL = YES;
				CLANG_ANALYZER_NUMBER_OBJECT_CONVERSION = YES_AGGRESSIVE;
				CLANG_CXX_LANGUAGE_STANDARD = "gnu++20";
				CLANG_ENABLE_MODULES = YES;
				CLANG_ENABLE_OBJC_ARC = YES;
				CLANG_ENABLE_OBJC_WEAK = YES;
				CLANG_WARN_BLOCK_CAPTURE_AUTORELEASING = YES;
				CLANG_WARN_BOOL_CONVERSION = YES;
				CLANG_WARN_COMMA = YES;
				CLANG_WARN_CONSTANT_CONVERSION = YES;
				CLANG_WARN_DEPRECATED_OBJC_IMPLEMENTATIONS = YES;
				CLANG_WARN_DIRECT_OBJC_ISA_USAGE = YES_ERROR;
				CLANG_WARN_DOCUMENTATION_COMMENTS = YES;
				CLANG_WARN_EMPTY_BODY = YES;
				CLANG_WARN_ENUM_CONVERSION = YES;
				CLANG_WARN_INFINITE_RECURSION = YES;
				CLANG_WARN_INT_CONVERSION = YES;
				CLANG_WARN_NON_LITERAL_NULL_CONVERSION = YES;
				CLANG_WARN_OBJC_IMPLICIT_RETAIN_SELF = YES;
				CLANG_WARN_OBJC_LITERAL_CONVERSION = YES;
				CLANG_WARN_OBJC_ROOT_CLASS = YES_ERROR;
				CLANG_WARN_QUOTED_INCLUDE_IN_FRAMEWORK_HEADER = YES;
				CLANG_WARN_RANGE_LOOP_ANALYSIS = YES;
				CLANG_WARN_STRICT_PROTOTYPES = YES;
				CLANG_WARN_SUSPICIOUS_MOVE = YES;
				CLANG_WARN_UNGUARDED_AVAILABILITY = YES_AGGRESSIVE;
				CLANG_WARN_UNREACHABLE_CODE = YES;
				CLANG_WARN__DUPLICATE_METHOD_MATCH = YES;
				COPY_PHASE_STRIP = NO;
				DEBUG_INFORMATION_FORMAT = dwarf;
				ENABLE_STRICT_OBJC_MSGSEND = YES;
				ENABLE_TESTABILITY = YES;
				GCC_C_LANGUAGE_STANDARD = gnu11;
				GCC_DYNAMIC_NO_PIC = NO;
				GCC_NO_COMMON_BLOCKS = YES;
				GCC_OPTIMIZATION_LEVEL = 0;
				GCC_PREPROCESSOR_DEFINITIONS = (
					"DEBUG=1",
					"$(inherited)",
				);
				GCC_WARN_64_TO_32_BIT_CONVERSION = YES;
				GCC_WARN_ABOUT_RETURN_TYPE = YES_ERROR;
				GCC_WARN_UNDECLARED_SELECTOR = YES;
				GCC_WARN_UNINITIALIZED_AUTOS = YES_AGGRESSIVE;
				GCC_WARN_UNUSED_FUNCTION = YES;
				GCC_WARN_UNUSED_VARIABLE = YES;
				IPHONEOS_DEPLOYMENT_TARGET = 13.0;
				MTL_ENABLE_DEBUG_INFO = INCLUDE_SOURCE;
				MTL_FAST_MATH = YES;
				ONLY_ACTIVE_ARCH = YES;
				SDKROOT = iphoneos;
				SWIFT_ACTIVE_COMPILATION_CONDITIONS = DEBUG;
				SWIFT_OPTIMIZATION_LEVEL = "-Onone";
			};
			name = Debug;
		};
		A9AAE38528F845E5006A8BE4 /* Release */ = {
			isa = XCBuildConfiguration;
			buildSettings = {
				ALWAYS_SEARCH_USER_PATHS = NO;
				CLANG_ANALYZER_NONNULL = YES;
				CLANG_ANALYZER_NUMBER_OBJECT_CONVERSION = YES_AGGRESSIVE;
				CLANG_CXX_LANGUAGE_STANDARD = "gnu++20";
				CLANG_ENABLE_MODULES = YES;
				CLANG_ENABLE_OBJC_ARC = YES;
				CLANG_ENABLE_OBJC_WEAK = YES;
				CLANG_WARN_BLOCK_CAPTURE_AUTORELEASING = YES;
				CLANG_WARN_BOOL_CONVERSION = YES;
				CLANG_WARN_COMMA = YES;
				CLANG_WARN_CONSTANT_CONVERSION = YES;
				CLANG_WARN_DEPRECATED_OBJC_IMPLEMENTATIONS = YES;
				CLANG_WARN_DIRECT_OBJC_ISA_USAGE = YES_ERROR;
				CLANG_WARN_DOCUMENTATION_COMMENTS = YES;
				CLANG_WARN_EMPTY_BODY = YES;
				CLANG_WARN_ENUM_CONVERSION = YES;
				CLANG_WARN_INFINITE_RECURSION = YES;
				CLANG_WARN_INT_CONVERSION = YES;
				CLANG_WARN_NON_LITERAL_NULL_CONVERSION = YES;
				CLANG_WARN_OBJC_IMPLICIT_RETAIN_SELF = YES;
				CLANG_WARN_OBJC_LITERAL_CONVERSION = YES;
				CLANG_WARN_OBJC_ROOT_CLASS = YES_ERROR;
				CLANG_WARN_QUOTED_INCLUDE_IN_FRAMEWORK_HEADER = YES;
				CLANG_WARN_RANGE_LOOP_ANALYSIS = YES;
				CLANG_WARN_STRICT_PROTOTYPES = YES;
				CLANG_WARN_SUSPICIOUS_MOVE = YES;
				CLANG_WARN_UNGUARDED_AVAILABILITY = YES_AGGRESSIVE;
				CLANG_WARN_UNREACHABLE_CODE = YES;
				CLANG_WARN__DUPLICATE_METHOD_MATCH = YES;
				COPY_PHASE_STRIP = NO;
				DEBUG_INFORMATION_FORMAT = "dwarf-with-dsym";
				ENABLE_NS_ASSERTIONS = NO;
				ENABLE_STRICT_OBJC_MSGSEND = YES;
				GCC_C_LANGUAGE_STANDARD = gnu11;
				GCC_NO_COMMON_BLOCKS = YES;
				GCC_WARN_64_TO_32_BIT_CONVERSION = YES;
				GCC_WARN_ABOUT_RETURN_TYPE = YES_ERROR;
				GCC_WARN_UNDECLARED_SELECTOR = YES;
				GCC_WARN_UNINITIALIZED_AUTOS = YES_AGGRESSIVE;
				GCC_WARN_UNUSED_FUNCTION = YES;
				GCC_WARN_UNUSED_VARIABLE = YES;
				IPHONEOS_DEPLOYMENT_TARGET = 13.0;
				MTL_ENABLE_DEBUG_INFO = NO;
				MTL_FAST_MATH = YES;
				SDKROOT = iphoneos;
				SWIFT_COMPILATION_MODE = wholemodule;
				SWIFT_OPTIMIZATION_LEVEL = "-O";
				VALIDATE_PRODUCT = YES;
			};
			name = Release;
		};
		A9AAE38728F845E5006A8BE4 /* Debug */ = {
			isa = XCBuildConfiguration;
			baseConfigurationReference = 3A5E55D1E6085C96CB82AE99 /* Pods-ToDoList.debug.xcconfig */;
			buildSettings = {
				ASSETCATALOG_COMPILER_APPICON_NAME = AppIcon;
				ASSETCATALOG_COMPILER_GLOBAL_ACCENT_COLOR_NAME = AccentColor;
				CODE_SIGN_STYLE = Automatic;
				CURRENT_PROJECT_VERSION = 1;
				DEVELOPMENT_TEAM = 5D27LBTNA4;
				GENERATE_INFOPLIST_FILE = YES;
				INFOPLIST_FILE = ToDoList/Info.plist;
				INFOPLIST_KEY_LSApplicationCategoryType = "public.app-category.utilities";
				INFOPLIST_KEY_UIApplicationSupportsIndirectInputEvents = YES;
				INFOPLIST_KEY_UILaunchStoryboardName = LaunchScreen;
				INFOPLIST_KEY_UIMainStoryboardFile = Main;
				INFOPLIST_KEY_UISupportedInterfaceOrientations_iPad = "UIInterfaceOrientationPortrait UIInterfaceOrientationPortraitUpsideDown UIInterfaceOrientationLandscapeLeft UIInterfaceOrientationLandscapeRight";
				INFOPLIST_KEY_UISupportedInterfaceOrientations_iPhone = "UIInterfaceOrientationPortrait UIInterfaceOrientationLandscapeLeft UIInterfaceOrientationLandscapeRight";
				IPHONEOS_DEPLOYMENT_TARGET = 13.0;
				LD_RUNPATH_SEARCH_PATHS = (
					"$(inherited)",
					"@executable_path/Frameworks",
				);
				MARKETING_VERSION = 1.0;
				PRODUCT_BUNDLE_IDENTIFIER = com.Halil.ToDoList;
				PRODUCT_NAME = "$(TARGET_NAME)";
				SWIFT_EMIT_LOC_STRINGS = YES;
				SWIFT_VERSION = 5.0;
				TARGETED_DEVICE_FAMILY = "1,2";
			};
			name = Debug;
		};
		A9AAE38828F845E5006A8BE4 /* Release */ = {
			isa = XCBuildConfiguration;
			baseConfigurationReference = C9BD8111A4E136196F210B11 /* Pods-ToDoList.release.xcconfig */;
			buildSettings = {
				ASSETCATALOG_COMPILER_APPICON_NAME = AppIcon;
				ASSETCATALOG_COMPILER_GLOBAL_ACCENT_COLOR_NAME = AccentColor;
				CODE_SIGN_STYLE = Automatic;
				CURRENT_PROJECT_VERSION = 1;
				DEVELOPMENT_TEAM = 5D27LBTNA4;
				GENERATE_INFOPLIST_FILE = YES;
				INFOPLIST_FILE = ToDoList/Info.plist;
				INFOPLIST_KEY_LSApplicationCategoryType = "public.app-category.utilities";
				INFOPLIST_KEY_UIApplicationSupportsIndirectInputEvents = YES;
				INFOPLIST_KEY_UILaunchStoryboardName = LaunchScreen;
				INFOPLIST_KEY_UIMainStoryboardFile = Main;
				INFOPLIST_KEY_UISupportedInterfaceOrientations_iPad = "UIInterfaceOrientationPortrait UIInterfaceOrientationPortraitUpsideDown UIInterfaceOrientationLandscapeLeft UIInterfaceOrientationLandscapeRight";
				INFOPLIST_KEY_UISupportedInterfaceOrientations_iPhone = "UIInterfaceOrientationPortrait UIInterfaceOrientationLandscapeLeft UIInterfaceOrientationLandscapeRight";
				IPHONEOS_DEPLOYMENT_TARGET = 13.0;
				LD_RUNPATH_SEARCH_PATHS = (
					"$(inherited)",
					"@executable_path/Frameworks",
				);
				MARKETING_VERSION = 1.0;
				PRODUCT_BUNDLE_IDENTIFIER = com.Halil.ToDoList;
				PRODUCT_NAME = "$(TARGET_NAME)";
				SWIFT_EMIT_LOC_STRINGS = YES;
				SWIFT_VERSION = 5.0;
				TARGETED_DEVICE_FAMILY = "1,2";
			};
			name = Release;
		};
/* End XCBuildConfiguration section */

/* Begin XCConfigurationList section */
		A9AAE36D28F845E4006A8BE4 /* Build configuration list for PBXProject "ToDoList" */ = {
			isa = XCConfigurationList;
			buildConfigurations = (
				A9AAE38428F845E5006A8BE4 /* Debug */,
				A9AAE38528F845E5006A8BE4 /* Release */,
			);
			defaultConfigurationIsVisible = 0;
			defaultConfigurationName = Release;
		};
		A9AAE38628F845E5006A8BE4 /* Build configuration list for PBXNativeTarget "ToDoList" */ = {
			isa = XCConfigurationList;
			buildConfigurations = (
				A9AAE38728F845E5006A8BE4 /* Debug */,
				A9AAE38828F845E5006A8BE4 /* Release */,
			);
			defaultConfigurationIsVisible = 0;
			defaultConfigurationName = Release;
		};
/* End XCConfigurationList section */
	};
	rootObject = A9AAE36A28F845E4006A8BE4 /* Project object */;
}
